
Microsoft Visual Studio Solution File, Format Version 12.00
Project("{2150E333-8FDC-42A3-9474-1A3956D46DE8}") = "src", "src", "{8F9A261C-AD60-4E01-AA42-B0484537F657}"
EndProject
Project("{FAE04EC0-301F-11D3-BF4B-00C04F79EFBC}") = "Auction.API", "src\Auction.API\Auction.API.csproj", "{92263B16-EED4-4A9A-91E3-68295ABEFD3D}"
EndProject
Project("{2150E333-8FDC-42A3-9474-1A3956D46DE8}") = "tests", "tests", "{50D327BF-97A3-4434-A36F-CE2B69C0F6C8}"
EndProject
Project("{FAE04EC0-301F-11D3-BF4B-00C04F79EFBC}") = "UseCases.Test", "tests\UseCases.Test\UseCases.Test.csproj", "{E317C43C-BE4C-43D6-93D1-D7E503523CBD}"
EndProject
Global
	GlobalSection(SolutionConfigurationPlatforms) = preSolution
		Debug|Any CPU = Debug|Any CPU
		Release|Any CPU = Release|Any CPU
	EndGlobalSection
	GlobalSection(NestedProjects) = preSolution
		{92263B16-EED4-4A9A-91E3-68295ABEFD3D} = {8F9A261C-AD60-4E01-AA42-B0484537F657}
		{E317C43C-BE4C-43D6-93D1-D7E503523CBD} = {50D327BF-97A3-4434-A36F-CE2B69C0F6C8}
	EndGlobalSection
	GlobalSection(ProjectConfigurationPlatforms) = postSolution
		{92263B16-EED4-4A9A-91E3-68295ABEFD3D}.Debug|Any CPU.ActiveCfg = Debug|Any CPU
		{92263B16-EED4-4A9A-91E3-68295ABEFD3D}.Debug|Any CPU.Build.0 = Debug|Any CPU
		{92263B16-EED4-4A9A-91E3-68295ABEFD3D}.Release|Any CPU.ActiveCfg = Release|Any CPU
		{92263B16-EED4-4A9A-91E3-68295ABEFD3D}.Release|Any CPU.Build.0 = Release|Any CPU
		{E317C43C-BE4C-43D6-93D1-D7E503523CBD}.Debug|Any CPU.ActiveCfg = Debug|Any CPU
		{E317C43C-BE4C-43D6-93D1-D7E503523CBD}.Debug|Any CPU.Build.0 = Debug|Any CPU
		{E317C43C-BE4C-43D6-93D1-D7E503523CBD}.Release|Any CPU.ActiveCfg = Release|Any CPU
		{E317C43C-BE4C-43D6-93D1-D7E503523CBD}.Release|Any CPU.Build.0 = Release|Any CPU
	EndGlobalSection
EndGlobal
